<?xml version="1.0" encoding="utf-8"?>
<Project ToolsVersion="4.0" xmlns="http://schemas.microsoft.com/developer/msbuild/2003">
  <ItemGroup>
    <Filter Include="Resources">
      <UniqueIdentifier>{67DA6AB6-F800-4c08-8B7A-83BB121AAD01}</UniqueIdentifier>
      <Extensions>rc;ico;cur;bmp;dlg;rc2;rct;bin;rgs;gif;jpg;jpeg;jpe;resx;tiff;tif;png;wav;mfcribbon-ms</Extensions>
    </Filter>
    <Filter Include="External">
      <UniqueIdentifier>{47425a2a-6a79-4db6-8563-28faeb3e58cd}</UniqueIdentifier>
    </Filter>
    <Filter Include="External\imgui">
      <UniqueIdentifier>{4dcb3640-e797-4d3f-8a93-c8ef469495f0}</UniqueIdentifier>
    </Filter>
    <Filter Include="HLSL">
      <UniqueIdentifier>{9f64f4ff-d9e0-43d7-88e1-13e6d3656a89}</UniqueIdentifier>
      <Extensions>hlsl;hlsli</Extensions>
    </Filter>
    <Filter Include="HLSL\geometric_primitive">
      <UniqueIdentifier>{f0797ecd-eefd-4e67-8786-be0b4e1fa2a9}</UniqueIdentifier>
    </Filter>
<<<<<<< HEAD
=======
    <Filter Include="Source Files\Engine\Systems">
      <UniqueIdentifier>{aaebcfaf-a2cf-490b-904e-925ef68293d5}</UniqueIdentifier>
    </Filter>
    <Filter Include="Source Files\Engine\Systems\Graphics">
      <UniqueIdentifier>{2573b810-52de-4e9c-aaa9-7cc015a86568}</UniqueIdentifier>
    </Filter>
    <Filter Include="Source Files\Engine\Systems\Graphics\ImGuiRenderer">
      <UniqueIdentifier>{121fcde6-ecb0-4686-9fb5-7523f937ad20}</UniqueIdentifier>
    </Filter>
    <Filter Include="Source Files\Engine\Systems\Graphics\DebugRenderer">
      <UniqueIdentifier>{515faa1d-fc7b-4551-981f-11045b9d7cea}</UniqueIdentifier>
    </Filter>
    <Filter Include="Source Files\Engine\Systems\Graphics\LineRenderer">
      <UniqueIdentifier>{b3d75226-23e3-4d12-9ad9-065d87fbd1c4}</UniqueIdentifier>
    </Filter>
>>>>>>> 391d7ac7691752defb0d457a531fb1c9072387b3
    <Filter Include="HLSL\LineRenderer">
      <UniqueIdentifier>{40543093-6dd2-4218-a7d0-a7b04143ac82}</UniqueIdentifier>
    </Filter>
    <Filter Include="HLSL\ImguiRenderer">
      <UniqueIdentifier>{9da834e2-0d5d-4b0f-a2fb-9e46ec2cfe8f}</UniqueIdentifier>
    </Filter>
    <Filter Include="HLSL\DebugRenderer">
      <UniqueIdentifier>{028d89ac-b2e3-45ef-9e3f-1fdcae9abdaf}</UniqueIdentifier>
    </Filter>
    <Filter Include="HLSL\Lambert">
      <UniqueIdentifier>{a612bcbd-3972-41bb-ad6b-e57220ffa262}</UniqueIdentifier>
    </Filter>
    <Filter Include="HLSL\NoTexture">
      <UniqueIdentifier>{8952d226-ca8d-42a3-a761-bced7c620f18}</UniqueIdentifier>
    </Filter>
    <Filter Include="HLSL\NoUsing">
      <UniqueIdentifier>{80fbfaa6-5dd7-4d87-a781-7b8599e491ca}</UniqueIdentifier>
    </Filter>
    <Filter Include="HLSL\NoUsing\skinned_mesh">
      <UniqueIdentifier>{be26542f-13a1-485c-ab49-a52a1b729009}</UniqueIdentifier>
    </Filter>
    <Filter Include="HLSL\NoUsing\sprite">
      <UniqueIdentifier>{7c2840ed-f9cc-4519-a407-b3607e0559fa}</UniqueIdentifier>
    </Filter>
    <Filter Include="HLSL\NoUsing\sprite_batch">
      <UniqueIdentifier>{e64027c8-fb70-4465-bf95-506c7adf03a3}</UniqueIdentifier>
    </Filter>
    <Filter Include="HLSL\NoUsing\static_mesh">
      <UniqueIdentifier>{2e472d2c-55ea-4afc-bf1c-f32d776380c9}</UniqueIdentifier>
    </Filter>
    <Filter Include="Source">
      <UniqueIdentifier>{4FC737F1-C7A5-4376-A066-2A32D752A2FF}</UniqueIdentifier>
      <Extensions>cpp;c;cc;cxx;def;odl;idl;hpj;bat;asm;asmx</Extensions>
    </Filter>
    <Filter Include="Source\Game">
      <UniqueIdentifier>{8726f73a-8b74-4af8-9c43-2aa6077319eb}</UniqueIdentifier>
    </Filter>
    <Filter Include="Source\Game\Scenes">
      <UniqueIdentifier>{382a84c6-1fb4-48cc-88e8-e5f9bd5e8858}</UniqueIdentifier>
    </Filter>
    <Filter Include="Source\Game\Scenes\SceneTitle">
      <UniqueIdentifier>{ca0ce9a7-94c2-413e-8e55-2845d94409c1}</UniqueIdentifier>
    </Filter>
    <Filter Include="Source\Game\Scenes\SceneLoad">
      <UniqueIdentifier>{ed717e6e-bdd6-4caf-a3c9-9e50f2d456ec}</UniqueIdentifier>
    </Filter>
    <Filter Include="Source\Game\Scenes\SceneGame">
      <UniqueIdentifier>{e73a9ebd-b7a2-4e0c-b3c9-884a00e62933}</UniqueIdentifier>
    </Filter>
    <Filter Include="Source\Game\Scenes\SceneGameOver">
      <UniqueIdentifier>{b639f014-9df9-4617-9d96-ec78e36569f0}</UniqueIdentifier>
    </Filter>
    <Filter Include="Source\Game\Characters">
      <UniqueIdentifier>{cec9c0ab-b640-4219-beab-8d8fec05a925}</UniqueIdentifier>
    </Filter>
    <Filter Include="Source\Game\Characters\Player">
      <UniqueIdentifier>{3c8f846a-6896-4ecf-bbce-a863458e5eb0}</UniqueIdentifier>
    </Filter>
    <Filter Include="Source\Game\Characters\Enemis">
      <UniqueIdentifier>{057d3564-f1fa-4b8f-8eae-d996194c0169}</UniqueIdentifier>
    </Filter>
    <Filter Include="Source\Game\Characters\Enemis\Snake">
      <UniqueIdentifier>{0f9bd635-0d41-4002-9a31-61d296cd6430}</UniqueIdentifier>
    </Filter>
    <Filter Include="Source\Game\Stage">
      <UniqueIdentifier>{1da98fda-6bf6-4007-a73b-b39c3437f664}</UniqueIdentifier>
    </Filter>
    <Filter Include="Source\Game\Stage\RogueLikeStage">
      <UniqueIdentifier>{e6050c99-73e7-4c39-a0dd-5b608bdca43f}</UniqueIdentifier>
    </Filter>
    <Filter Include="Source\Liblary">
      <UniqueIdentifier>{da613ebd-2d2b-46b0-9e69-b491f133e70e}</UniqueIdentifier>
    </Filter>
    <Filter Include="Source\Liblary\Systems">
      <UniqueIdentifier>{6ef1d442-30d2-4d0c-9dd2-0b89f0721486}</UniqueIdentifier>
    </Filter>
    <Filter Include="Source\Liblary\Objects">
      <UniqueIdentifier>{54fe3885-9cc9-471b-84ff-b51c14eaa355}</UniqueIdentifier>
    </Filter>
    <Filter Include="Source\Liblary\AI">
      <UniqueIdentifier>{380743b5-29c7-4276-8dd5-5cdefc554dbc}</UniqueIdentifier>
    </Filter>
    <Filter Include="Source\Liblary\Systems\Camera">
      <UniqueIdentifier>{b547ee50-c92a-4861-af12-ce8c08654516}</UniqueIdentifier>
    </Filter>
<<<<<<< HEAD
    <Filter Include="Source\Liblary\Systems\Collision">
      <UniqueIdentifier>{e3b4852c-4f56-4db8-b4fb-0336793fcd31}</UniqueIdentifier>
    </Filter>
    <Filter Include="Source\Liblary\Systems\DungeonSystem">
      <UniqueIdentifier>{871cbafa-ce20-4099-8c77-0385b6b39ccb}</UniqueIdentifier>
=======
    <Filter Include="Source Files\Engine\Systems\Framework">
      <UniqueIdentifier>{3f50b83f-a4ff-467d-b356-2243f3db2a9e}</UniqueIdentifier>
>>>>>>> 391d7ac7691752defb0d457a531fb1c9072387b3
    </Filter>
    <Filter Include="Source\Liblary\Systems\Input">
      <UniqueIdentifier>{e988a58d-1e5e-4339-b450-162e963ba5c1}</UniqueIdentifier>
    </Filter>
    <Filter Include="Source\Liblary\Systems\Input\GamePad">
      <UniqueIdentifier>{9de50798-da0c-45b7-ac0f-3411989b72b0}</UniqueIdentifier>
    </Filter>
    <Filter Include="Source\Liblary\Systems\Input\Mouse">
      <UniqueIdentifier>{04047c07-e3e4-487d-a276-50dd99205bc5}</UniqueIdentifier>
    </Filter>
    <Filter Include="Source\Liblary\Systems\Graphics">
      <UniqueIdentifier>{48a84fa1-785e-4fcf-bef8-1fd0bc7d9f71}</UniqueIdentifier>
    </Filter>
    <Filter Include="Source\Liblary\Systems\Graphics\Renderer">
      <UniqueIdentifier>{5a8121c3-010b-46b2-afbd-822ac3d91dca}</UniqueIdentifier>
    </Filter>
    <Filter Include="Source\Liblary\Systems\Graphics\Renderer\DebugRenderer">
      <UniqueIdentifier>{192f8f68-a384-4199-885e-7c7492ea0430}</UniqueIdentifier>
    </Filter>
    <Filter Include="Source\Liblary\Systems\Graphics\Renderer\LineRenderer">
      <UniqueIdentifier>{369ab687-df5f-497c-945f-d42f5d4bf061}</UniqueIdentifier>
    </Filter>
    <Filter Include="Source\Liblary\Systems\Graphics\Renderer\ImGuiRenderer">
      <UniqueIdentifier>{3729c5bc-74c8-49ee-9bfb-010d6cf32cbb}</UniqueIdentifier>
    </Filter>
    <Filter Include="Source\Liblary\Systems\Logger">
      <UniqueIdentifier>{5c0611f7-34b3-4467-b228-4057384ae924}</UniqueIdentifier>
    </Filter>
    <Filter Include="Source\Liblary\Systems\Math">
      <UniqueIdentifier>{cc51ff4c-127d-4ed8-a2ea-53bd7a2dd8d8}</UniqueIdentifier>
    </Filter>
    <Filter Include="Source\Liblary\Systems\Scene">
      <UniqueIdentifier>{95431756-f90e-4fad-b9c8-47992846b103}</UniqueIdentifier>
    </Filter>
    <Filter Include="Source\Liblary\Systems\Scene\SceneManager">
      <UniqueIdentifier>{dbe81378-9238-4916-b133-c60c5504ce4b}</UniqueIdentifier>
    </Filter>
    <Filter Include="Source\Liblary\Systems\Graphics\Blender">
      <UniqueIdentifier>{91c0a1a3-36f6-4be6-86b0-bbe425e5ad5f}</UniqueIdentifier>
    </Filter>
    <Filter Include="Source\Liblary\Systems\Graphics\ResourceManager">
      <UniqueIdentifier>{2f0645b6-9d21-48a3-87b7-c8f8767a7578}</UniqueIdentifier>
    </Filter>
    <Filter Include="Source\Liblary\Systems\Graphics\Shader">
      <UniqueIdentifier>{c2c7b49d-bc5c-48b0-8479-a551e257c091}</UniqueIdentifier>
    </Filter>
    <Filter Include="Source\Liblary\Systems\Graphics\Shader\DrivedShaders">
      <UniqueIdentifier>{10195d07-19f3-47c3-8dba-6125bdcf9a53}</UniqueIdentifier>
    </Filter>
    <Filter Include="Source\Liblary\Systems\Graphics\Shader\DrivedShaders\Lambert">
      <UniqueIdentifier>{9fda76f7-a0d3-4dc9-b3a8-6ed6f07b1bee}</UniqueIdentifier>
    </Filter>
    <Filter Include="Source\Liblary\Systems\Graphics\Shader\DrivedShaders\NoTexture">
      <UniqueIdentifier>{8893417b-cb1c-421b-aa4c-b8b8f7aef215}</UniqueIdentifier>
    </Filter>
    <Filter Include="Source\Liblary\Systems\Graphics\Shader\DrivedShaders\WireframeLambert">
      <UniqueIdentifier>{6fadafab-4012-421c-bf5f-2ce4c4c8078a}</UniqueIdentifier>
    </Filter>
    <Filter Include="Source\Liblary\Systems\Graphics\Shader\ShaderManager">
      <UniqueIdentifier>{e865ef43-5edd-4926-8d6a-e606178cb3da}</UniqueIdentifier>
    </Filter>
    <Filter Include="Source\Liblary\Systems\Graphics\Texture">
      <UniqueIdentifier>{d796e7dc-cd3e-4165-931e-95752e5c37a6}</UniqueIdentifier>
    </Filter>
    <Filter Include="Source\Liblary\Systems\Graphics\Fade">
      <UniqueIdentifier>{5b89eb21-c796-4b0d-b2fa-2a4d8ee9b716}</UniqueIdentifier>
    </Filter>
    <Filter Include="Source\Liblary\Systems\Camera\CameraController">
      <UniqueIdentifier>{90c53214-4a28-4001-822e-18e379542544}</UniqueIdentifier>
    </Filter>
    <Filter Include="Source\Liblary\Systems\Frameworks">
      <UniqueIdentifier>{1cdc8f0e-2fe6-4e53-8da3-83cdcb88cce5}</UniqueIdentifier>
    </Filter>
    <Filter Include="Source\Liblary\Systems\Frameworks\HighResolutionTimer">
      <UniqueIdentifier>{61006cc0-bd4d-40a8-abd4-f09542029154}</UniqueIdentifier>
    </Filter>
    <Filter Include="Source\Liblary\Systems\Objects">
      <UniqueIdentifier>{c36ea5c1-13ac-47b5-8165-d664a2e6b53a}</UniqueIdentifier>
    </Filter>
    <Filter Include="Source\Liblary\Systems\Objects\Character">
      <UniqueIdentifier>{53878b99-4e7d-43e6-963d-60362052c623}</UniqueIdentifier>
    </Filter>
    <Filter Include="Source\Liblary\Systems\Objects\CharacterManager">
      <UniqueIdentifier>{1c68894f-bcd5-4e1a-95c2-11e342e9d602}</UniqueIdentifier>
    </Filter>
    <Filter Include="Source\Liblary\Systems\Objects\EnemyManager">
      <UniqueIdentifier>{28db26e6-767b-4f8d-8099-ada4b3a90498}</UniqueIdentifier>
    </Filter>
    <Filter Include="Source\Liblary\Systems\Objects\Stage">
      <UniqueIdentifier>{f42d4f0e-796e-4557-a535-8167e96ffba3}</UniqueIdentifier>
    </Filter>
    <Filter Include="Source\Liblary\Systems\Objects\Stage\StageManager">
      <UniqueIdentifier>{accfd85c-9ccb-4e12-b1cb-1785cea69ea9}</UniqueIdentifier>
    </Filter>
  </ItemGroup>
  <ItemGroup>
    <ClCompile Include="Source\Game\Scene\SceneTitle.cpp">
<<<<<<< HEAD
      <Filter>Source\Game\Scenes\SceneTitle</Filter>
=======
      <Filter>Source Files\Game\Scenes\SceneTitle</Filter>
>>>>>>> 391d7ac7691752defb0d457a531fb1c9072387b3
    </ClCompile>
    <ClCompile Include="External\imgui\imgui.cpp">
      <Filter>External\imgui</Filter>
    </ClCompile>
    <ClCompile Include="External\imgui\imgui_demo.cpp">
      <Filter>External\imgui</Filter>
    </ClCompile>
    <ClCompile Include="External\imgui\imgui_draw.cpp">
      <Filter>External\imgui</Filter>
    </ClCompile>
    <ClCompile Include="External\imgui\imgui_widgets.cpp">
      <Filter>External\imgui</Filter>
    </ClCompile>
    <ClCompile Include="Source\Game\Scene\SceneLoading.cpp">
<<<<<<< HEAD
      <Filter>Source\Game\Scenes\SceneLoad</Filter>
    </ClCompile>
    <ClCompile Include="Source\Game\Scene\SceneGame.cpp">
      <Filter>Source\Game\Scenes\SceneGame</Filter>
    </ClCompile>
    <ClCompile Include="Source\Game\Characters\EnemySnake.cpp">
      <Filter>Source\Game\Characters\Enemis\Snake</Filter>
    </ClCompile>
    <ClCompile Include="Source\Game\Characters\Player.cpp">
      <Filter>Source\Game\Characters\Player</Filter>
    </ClCompile>
    <ClCompile Include="Source\Game\Stage\RogueLikeStage.cpp">
      <Filter>Source\Game\Stage\RogueLikeStage</Filter>
    </ClCompile>
    <ClCompile Include="Source\Game\Scene\SceneGameOver.cpp">
      <Filter>Source\Game\Scenes\SceneGameOver</Filter>
    </ClCompile>
    <ClCompile Include="Source\Liblary\AI\DungeonMake.cpp">
      <Filter>Source\Liblary\AI</Filter>
    </ClCompile>
    <ClCompile Include="Source\Liblary\AI\Edge.cpp">
      <Filter>Source\Liblary\AI</Filter>
    </ClCompile>
    <ClCompile Include="Source\Liblary\AI\HeuristicSearch.cpp">
      <Filter>Source\Liblary\AI</Filter>
    </ClCompile>
    <ClCompile Include="Source\Liblary\AI\MetaAI.cpp">
      <Filter>Source\Liblary\AI</Filter>
    </ClCompile>
    <ClCompile Include="Source\Liblary\AI\Node.cpp">
      <Filter>Source\Liblary\AI</Filter>
    </ClCompile>
    <ClCompile Include="Source\Liblary\Objects\Model.cpp">
      <Filter>Source\Liblary\Objects</Filter>
    </ClCompile>
    <ClCompile Include="Source\Liblary\Objects\ModelResource.cpp">
      <Filter>Source\Liblary\Objects</Filter>
    </ClCompile>
    <ClCompile Include="Source\Liblary\Objects\Sprite.cpp">
      <Filter>Source\Liblary\Objects</Filter>
    </ClCompile>
    <ClCompile Include="Source\Liblary\Systems\Main.cpp">
      <Filter>Source\Liblary\Systems</Filter>
    </ClCompile>
    <ClCompile Include="Source\Liblary\Systems\Blender.cpp">
      <Filter>Source\Liblary\Systems\Graphics\Blender</Filter>
    </ClCompile>
    <ClCompile Include="Source\Liblary\Systems\Camera.cpp">
      <Filter>Source\Liblary\Systems\Camera</Filter>
    </ClCompile>
    <ClCompile Include="Source\Liblary\Systems\CameraController.cpp">
      <Filter>Source\Liblary\Systems\Camera\CameraController</Filter>
    </ClCompile>
    <ClCompile Include="Source\Liblary\Systems\Object.cpp">
      <Filter>Source\Liblary\Systems\Objects</Filter>
    </ClCompile>
    <ClCompile Include="Source\Liblary\Systems\Character.cpp">
      <Filter>Source\Liblary\Systems\Objects\Character</Filter>
    </ClCompile>
    <ClCompile Include="Source\Liblary\Systems\CharacterManager.cpp">
      <Filter>Source\Liblary\Systems\Objects\CharacterManager</Filter>
    </ClCompile>
    <ClCompile Include="Source\Liblary\Systems\Collision.cpp">
      <Filter>Source\Liblary\Systems\Collision</Filter>
    </ClCompile>
    <ClCompile Include="Source\Liblary\Systems\DebugRenderer.cpp">
      <Filter>Source\Liblary\Systems\Graphics\Renderer\DebugRenderer</Filter>
    </ClCompile>
    <ClCompile Include="Source\Liblary\Systems\DungeonSystem.cpp">
      <Filter>Source\Liblary\Systems\DungeonSystem</Filter>
    </ClCompile>
    <ClCompile Include="Source\Liblary\Systems\EnemyManager.cpp">
      <Filter>Source\Liblary\Systems\Objects\EnemyManager</Filter>
    </ClCompile>
    <ClCompile Include="Source\Liblary\Systems\Fade.cpp">
      <Filter>Source\Liblary\Systems\Graphics\Fade</Filter>
    </ClCompile>
    <ClCompile Include="Source\Liblary\Systems\Framework.cpp">
      <Filter>Source\Liblary\Systems\Frameworks</Filter>
    </ClCompile>
    <ClCompile Include="Source\Liblary\Systems\GamePad.cpp">
      <Filter>Source\Liblary\Systems\Input\GamePad</Filter>
    </ClCompile>
    <ClCompile Include="Source\Liblary\Systems\Input.cpp">
      <Filter>Source\Liblary\Systems\Input</Filter>
=======
      <Filter>Source Files\Game\Scenes\SceneLoad</Filter>
    </ClCompile>
    <ClCompile Include="Source\Game\Scene\SceneGame.cpp">
      <Filter>Source Files\Game\Scenes\SceneGame</Filter>
    </ClCompile>
    <ClCompile Include="Source\Game\Characters\EnemySnake.cpp">
      <Filter>Source Files\Game\Characters\Enemis\Snake</Filter>
>>>>>>> 391d7ac7691752defb0d457a531fb1c9072387b3
    </ClCompile>
    <ClCompile Include="Source\Liblary\Systems\Mouse.cpp">
      <Filter>Source\Liblary\Systems\Input\Mouse</Filter>
    </ClCompile>
<<<<<<< HEAD
    <ClCompile Include="Source\Liblary\Systems\Graphics.cpp">
      <Filter>Source\Liblary\Systems\Graphics</Filter>
    </ClCompile>
    <ClCompile Include="Source\Liblary\Systems\HighResolutionTimer.cpp">
      <Filter>Source\Liblary\Systems\Frameworks\HighResolutionTimer</Filter>
    </ClCompile>
    <ClCompile Include="Source\Liblary\Systems\ImGuiRenderer.cpp">
      <Filter>Source\Liblary\Systems\Graphics\Renderer\ImGuiRenderer</Filter>
    </ClCompile>
    <ClCompile Include="Source\Liblary\Systems\Shader.cpp">
      <Filter>Source\Liblary\Systems\Graphics\Shader</Filter>
    </ClCompile>
    <ClCompile Include="Source\Liblary\Systems\LambertShader.cpp">
      <Filter>Source\Liblary\Systems\Graphics\Shader\DrivedShaders\Lambert</Filter>
    </ClCompile>
    <ClCompile Include="Source\Liblary\Systems\NoTextureShader.cpp">
      <Filter>Source\Liblary\Systems\Graphics\Shader\DrivedShaders\NoTexture</Filter>
    </ClCompile>
    <ClCompile Include="Source\Liblary\Systems\WireframeLambert.cpp">
      <Filter>Source\Liblary\Systems\Graphics\Shader\DrivedShaders\WireframeLambert</Filter>
    </ClCompile>
    <ClCompile Include="Source\Liblary\Systems\ShaderManager.cpp">
      <Filter>Source\Liblary\Systems\Graphics\Shader\ShaderManager</Filter>
    </ClCompile>
    <ClCompile Include="Source\Liblary\Systems\LineRenderer.cpp">
      <Filter>Source\Liblary\Systems\Graphics\Renderer\LineRenderer</Filter>
    </ClCompile>
    <ClCompile Include="Source\Liblary\Systems\Logger.cpp">
      <Filter>Source\Liblary\Systems\Logger</Filter>
    </ClCompile>
    <ClCompile Include="Source\Liblary\Systems\Math.cpp">
      <Filter>Source\Liblary\Systems\Math</Filter>
    </ClCompile>
    <ClCompile Include="Source\Liblary\Systems\ResourceManager.cpp">
      <Filter>Source\Liblary\Systems\Graphics\ResourceManager</Filter>
    </ClCompile>
    <ClCompile Include="Source\Liblary\Systems\SceneManager.cpp">
      <Filter>Source\Liblary\Systems\Scene\SceneManager</Filter>
    </ClCompile>
    <ClCompile Include="Source\Liblary\Systems\StageManager.cpp">
      <Filter>Source\Liblary\Systems\Objects\Stage\StageManager</Filter>
    </ClCompile>
    <ClCompile Include="Source\Liblary\Systems\Texture.cpp">
      <Filter>Source\Liblary\Systems\Graphics\Texture</Filter>
=======
    <ClCompile Include="Source\Game\Stage\RogueLikeStage.cpp">
      <Filter>Source Files\Game\Stage\RogueLikeStage</Filter>
    </ClCompile>
    <ClCompile Include="Source\Game\Scene\SceneGameOver.cpp">
      <Filter>Source Files\Game\Scenes\SceneGameOver</Filter>
>>>>>>> 391d7ac7691752defb0d457a531fb1c9072387b3
    </ClCompile>
  </ItemGroup>
  <ItemGroup>
    <ClInclude Include="Source\Game\Scene\SceneTitle.h">
<<<<<<< HEAD
      <Filter>Source\Game\Scenes\SceneTitle</Filter>
=======
      <Filter>Source Files\Game\Scenes\SceneTitle</Filter>
>>>>>>> 391d7ac7691752defb0d457a531fb1c9072387b3
    </ClInclude>
    <ClInclude Include="External\imgui\imconfig.h">
      <Filter>External\imgui</Filter>
    </ClInclude>
    <ClInclude Include="External\imgui\imgui.h">
      <Filter>External\imgui</Filter>
    </ClInclude>
    <ClInclude Include="External\imgui\imgui_internal.h">
      <Filter>External\imgui</Filter>
    </ClInclude>
    <ClInclude Include="External\imgui\imstb_rectpack.h">
      <Filter>External\imgui</Filter>
    </ClInclude>
    <ClInclude Include="External\imgui\imstb_textedit.h">
      <Filter>External\imgui</Filter>
    </ClInclude>
    <ClInclude Include="External\imgui\imstb_truetype.h">
      <Filter>External\imgui</Filter>
    </ClInclude>
    <ClInclude Include="Source\Game\Scene\SceneLoading.h">
<<<<<<< HEAD
      <Filter>Source\Game\Scenes\SceneLoad</Filter>
    </ClInclude>
    <ClInclude Include="Source\Game\Scene\SceneGame.h">
      <Filter>Source\Game\Scenes\SceneGame</Filter>
    </ClInclude>
    <ClInclude Include="Source\Game\Characters\Player.h">
      <Filter>Source\Game\Characters\Player</Filter>
    </ClInclude>
    <ClInclude Include="Source\Game\Characters\EnemySnake.h">
      <Filter>Source\Game\Characters\Enemis\Snake</Filter>
    </ClInclude>
    <ClInclude Include="Source\Game\Stage\RogueLikeStage.h">
      <Filter>Source\Game\Stage\RogueLikeStage</Filter>
    </ClInclude>
    <ClInclude Include="Source\Game\Scene\SceneGameOver.h">
      <Filter>Source\Game\Scenes\SceneGameOver</Filter>
    </ClInclude>
    <ClInclude Include="Source\Liblary\AI\DungeonMake.h">
      <Filter>Source\Liblary\AI</Filter>
    </ClInclude>
    <ClInclude Include="Source\Liblary\AI\Edge.h">
      <Filter>Source\Liblary\AI</Filter>
    </ClInclude>
    <ClInclude Include="Source\Liblary\AI\HeuristicSearch.h">
      <Filter>Source\Liblary\AI</Filter>
    </ClInclude>
    <ClInclude Include="Source\Liblary\AI\MetaAI.h">
      <Filter>Source\Liblary\AI</Filter>
    </ClInclude>
    <ClInclude Include="Source\Liblary\AI\Node.h">
      <Filter>Source\Liblary\AI</Filter>
    </ClInclude>
    <ClInclude Include="Source\Liblary\AI\Telegram.h">
      <Filter>Source\Liblary\AI</Filter>
    </ClInclude>
    <ClInclude Include="Source\Liblary\Objects\Model.h">
      <Filter>Source\Liblary\Objects</Filter>
    </ClInclude>
    <ClInclude Include="Source\Liblary\Objects\ModelResource.h">
      <Filter>Source\Liblary\Objects</Filter>
    </ClInclude>
    <ClInclude Include="Source\Liblary\Objects\Sprite.h">
      <Filter>Source\Liblary\Objects</Filter>
    </ClInclude>
    <ClInclude Include="Source\Liblary\Systems\StateMachine.h">
      <Filter>Source\Liblary\Systems</Filter>
    </ClInclude>
    <ClInclude Include="Source\Liblary\Systems\Blender.h">
      <Filter>Source\Liblary\Systems\Graphics\Blender</Filter>
    </ClInclude>
    <ClInclude Include="Source\Liblary\Systems\Camera.h">
      <Filter>Source\Liblary\Systems\Camera</Filter>
    </ClInclude>
    <ClInclude Include="Source\Liblary\Systems\CameraController.h">
      <Filter>Source\Liblary\Systems\Camera\CameraController</Filter>
    </ClInclude>
    <ClInclude Include="Source\Liblary\Systems\Object.h">
      <Filter>Source\Liblary\Systems\Objects</Filter>
    </ClInclude>
    <ClInclude Include="Source\Liblary\Systems\Character.h">
      <Filter>Source\Liblary\Systems\Objects\Character</Filter>
    </ClInclude>
    <ClInclude Include="Source\Liblary\Systems\CharacterManager.h">
      <Filter>Source\Liblary\Systems\Objects\CharacterManager</Filter>
    </ClInclude>
    <ClInclude Include="Source\Liblary\Systems\Collision.h">
      <Filter>Source\Liblary\Systems\Collision</Filter>
    </ClInclude>
    <ClInclude Include="Source\Liblary\Systems\DebugRenderer.h">
      <Filter>Source\Liblary\Systems\Graphics\Renderer\DebugRenderer</Filter>
    </ClInclude>
    <ClInclude Include="Source\Liblary\Systems\DungeonSystem.h">
      <Filter>Source\Liblary\Systems\DungeonSystem</Filter>
    </ClInclude>
    <ClInclude Include="Source\Liblary\Systems\EnemyManager.h">
      <Filter>Source\Liblary\Systems\Objects\EnemyManager</Filter>
    </ClInclude>
    <ClInclude Include="Source\Liblary\Systems\Fade.h">
      <Filter>Source\Liblary\Systems\Graphics\Fade</Filter>
    </ClInclude>
    <ClInclude Include="Source\Liblary\Systems\Framework.h">
      <Filter>Source\Liblary\Systems\Frameworks</Filter>
    </ClInclude>
    <ClInclude Include="Source\Liblary\Systems\GamePad.h">
      <Filter>Source\Liblary\Systems\Input\GamePad</Filter>
    </ClInclude>
    <ClInclude Include="Source\Liblary\Systems\Input.h">
      <Filter>Source\Liblary\Systems\Input</Filter>
    </ClInclude>
    <ClInclude Include="Source\Liblary\Systems\Mouse.h">
      <Filter>Source\Liblary\Systems\Input\Mouse</Filter>
    </ClInclude>
    <ClInclude Include="Source\Liblary\Systems\Graphics.h">
      <Filter>Source\Liblary\Systems\Graphics</Filter>
    </ClInclude>
    <ClInclude Include="Source\Liblary\Systems\HighResolutionTimer.h">
      <Filter>Source\Liblary\Systems\Frameworks\HighResolutionTimer</Filter>
    </ClInclude>
    <ClInclude Include="Source\Liblary\Systems\ImGuiRenderer.h">
      <Filter>Source\Liblary\Systems\Graphics\Renderer\ImGuiRenderer</Filter>
    </ClInclude>
    <ClInclude Include="Source\Liblary\Systems\Shader.h">
      <Filter>Source\Liblary\Systems\Graphics\Shader</Filter>
    </ClInclude>
    <ClInclude Include="Source\Liblary\Systems\LambertShader.h">
      <Filter>Source\Liblary\Systems\Graphics\Shader\DrivedShaders\Lambert</Filter>
    </ClInclude>
    <ClInclude Include="Source\Liblary\Systems\NoTextureShader.h">
      <Filter>Source\Liblary\Systems\Graphics\Shader\DrivedShaders\NoTexture</Filter>
    </ClInclude>
    <ClInclude Include="Source\Liblary\Systems\WireframeLambert.h">
      <Filter>Source\Liblary\Systems\Graphics\Shader\DrivedShaders\WireframeLambert</Filter>
    </ClInclude>
    <ClInclude Include="Source\Liblary\Systems\ShaderManager.h">
      <Filter>Source\Liblary\Systems\Graphics\Shader\ShaderManager</Filter>
    </ClInclude>
    <ClInclude Include="Source\Liblary\Systems\LineRenderer.h">
      <Filter>Source\Liblary\Systems\Graphics\Renderer\LineRenderer</Filter>
    </ClInclude>
    <ClInclude Include="Source\Liblary\Systems\Logger.h">
      <Filter>Source\Liblary\Systems\Logger</Filter>
    </ClInclude>
    <ClInclude Include="Source\Liblary\Systems\Math.h">
      <Filter>Source\Liblary\Systems\Math</Filter>
    </ClInclude>
    <ClInclude Include="Source\Liblary\Systems\ResourceManager.h">
      <Filter>Source\Liblary\Systems\Graphics\ResourceManager</Filter>
    </ClInclude>
    <ClInclude Include="Source\Liblary\Systems\Scene.h">
      <Filter>Source\Liblary\Systems\Scene</Filter>
    </ClInclude>
    <ClInclude Include="Source\Liblary\Systems\SceneManager.h">
      <Filter>Source\Liblary\Systems\Scene\SceneManager</Filter>
    </ClInclude>
    <ClInclude Include="Source\Liblary\Systems\Stage.h">
      <Filter>Source\Liblary\Systems\Objects\Stage</Filter>
    </ClInclude>
    <ClInclude Include="Source\Liblary\Systems\StageManager.h">
      <Filter>Source\Liblary\Systems\Objects\Stage\StageManager</Filter>
    </ClInclude>
    <ClInclude Include="Source\Liblary\Systems\Texture.h">
      <Filter>Source\Liblary\Systems\Graphics\Texture</Filter>
    </ClInclude>
    <ClInclude Include="Source\Liblary\Systems\RenderContext.h">
      <Filter>Source\Liblary\Systems\Graphics</Filter>
    </ClInclude>
    <ClInclude Include="Source\Liblary\Systems\Misc.h">
      <Filter>Source\Liblary\Systems\Frameworks</Filter>
=======
      <Filter>Source Files\Game\Scenes\SceneLoad</Filter>
    </ClInclude>
    <ClInclude Include="Source\Game\Scene\SceneGame.h">
      <Filter>Source Files\Game\Scenes\SceneGame</Filter>
    </ClInclude>
    <ClInclude Include="Source\Game\Characters\Player.h">
      <Filter>Source Files\Game\Characters\Player</Filter>
    </ClInclude>
    <ClInclude Include="Source\Game\Characters\EnemySnake.h">
      <Filter>Source Files\Game\Characters\Enemis\Snake</Filter>
    </ClInclude>
    <ClInclude Include="Source\Game\Stage\RogueLikeStage.h">
      <Filter>Source Files\Game\Stage\RogueLikeStage</Filter>
    </ClInclude>
    <ClInclude Include="Source\Game\Scene\SceneGameOver.h">
      <Filter>Source Files\Game\Scenes\SceneGameOver</Filter>
>>>>>>> 391d7ac7691752defb0d457a531fb1c9072387b3
    </ClInclude>
  </ItemGroup>
  <ItemGroup>
    <None Include="Shaders\geometric_primitive.hlsli">
      <Filter>HLSL\geometric_primitive</Filter>
    </None>
    <None Include="Shaders\skinned_mesh.hlsli">
      <Filter>HLSL\NoUsing\skinned_mesh</Filter>
    </None>
    <None Include="Shaders\sprite.hlsli">
      <Filter>HLSL\NoUsing\sprite</Filter>
    </None>
    <None Include="Shaders\sprite_batch.hlsli">
      <Filter>HLSL\NoUsing\sprite_batch</Filter>
    </None>
    <None Include="Shaders\static_mesh.hlsli">
      <Filter>HLSL\NoUsing\static_mesh</Filter>
    </None>
    <None Include="Shaders\ImGui.hlsli">
      <Filter>HLSL\ImguiRenderer</Filter>
    </None>
    <None Include="Shaders\LineRender.hlsli">
      <Filter>HLSL\LineRenderer</Filter>
    </None>
    <None Include="Shaders\DebugRender.hlsli">
      <Filter>HLSL\DebugRenderer</Filter>
    </None>
    <None Include="Shaders\lambert.hlsli">
      <Filter>HLSL\Lambert</Filter>
    </None>
    <None Include="Shaders\NoTexture.hlsli">
      <Filter>HLSL\NoTexture</Filter>
    </None>
  </ItemGroup>
  <ItemGroup>
    <FxCompile Include="Shaders\geometric_primitive_ps.hlsl">
      <Filter>HLSL\geometric_primitive</Filter>
    </FxCompile>
    <FxCompile Include="Shaders\geometric_primitive_vs.hlsl">
      <Filter>HLSL\geometric_primitive</Filter>
    </FxCompile>
    <FxCompile Include="Shaders\skinned_mesh_ps.hlsl">
      <Filter>HLSL\NoUsing\skinned_mesh</Filter>
    </FxCompile>
    <FxCompile Include="Shaders\skinned_mesh_vs.hlsl">
      <Filter>HLSL\NoUsing\skinned_mesh</Filter>
    </FxCompile>
    <FxCompile Include="Shaders\sprite_ps.hlsl">
      <Filter>HLSL\NoUsing\sprite</Filter>
    </FxCompile>
    <FxCompile Include="Shaders\sprite_vs.hlsl">
      <Filter>HLSL\NoUsing\sprite</Filter>
    </FxCompile>
    <FxCompile Include="Shaders\sprite_batch_ps.hlsl">
      <Filter>HLSL\NoUsing\sprite_batch</Filter>
    </FxCompile>
    <FxCompile Include="Shaders\sprite_batch_vs.hlsl">
      <Filter>HLSL\NoUsing\sprite_batch</Filter>
    </FxCompile>
    <FxCompile Include="Shaders\static_mesh_ps.hlsl">
      <Filter>HLSL\NoUsing\static_mesh</Filter>
    </FxCompile>
    <FxCompile Include="Shaders\static_mesh_vs.hlsl">
      <Filter>HLSL\NoUsing\static_mesh</Filter>
    </FxCompile>
    <FxCompile Include="Shaders\ImGui_ps.hlsl">
      <Filter>HLSL\ImguiRenderer</Filter>
    </FxCompile>
    <FxCompile Include="Shaders\ImGui_vs.hlsl">
      <Filter>HLSL\ImguiRenderer</Filter>
    </FxCompile>
    <FxCompile Include="Shaders\LineRender_ps.hlsl">
      <Filter>HLSL\LineRenderer</Filter>
    </FxCompile>
    <FxCompile Include="Shaders\LineRender_vs.hlsl">
      <Filter>HLSL\LineRenderer</Filter>
    </FxCompile>
    <FxCompile Include="Shaders\DebugRender_ps.hlsl">
      <Filter>HLSL\DebugRenderer</Filter>
    </FxCompile>
    <FxCompile Include="Shaders\DebugRender_vs.hlsl">
      <Filter>HLSL\DebugRenderer</Filter>
    </FxCompile>
    <FxCompile Include="Shaders\lambert_ps.hlsl">
      <Filter>HLSL\Lambert</Filter>
    </FxCompile>
    <FxCompile Include="Shaders\lambert_vs.hlsl">
      <Filter>HLSL\Lambert</Filter>
    </FxCompile>
    <FxCompile Include="Shaders\NoTexture_vs.hlsl">
      <Filter>HLSL\NoTexture</Filter>
    </FxCompile>
    <FxCompile Include="Shaders\NoTexture_ps.hlsl">
      <Filter>HLSL\NoTexture</Filter>
    </FxCompile>
  </ItemGroup>
</Project>